
Microsoft Visual Studio Solution File, Format Version 12.00
# Visual Studio Version 16
VisualStudioVersion = 16.0.32602.291
MinimumVisualStudioVersion = 10.0.40219.1
Project("{9A19103F-16F7-4668-BE54-9A1E7A4F7556}") = "UserWebAPI", "UserWebAPI\UserWebAPI.csproj", "{5913C6BC-59E1-4F7A-8E90-5E77BA3C6A55}"
EndProject
Project("{9A19103F-16F7-4668-BE54-9A1E7A4F7556}") = "DomainModels", "DomainModels\DomainModels.csproj", "{7043885A-32BD-481C-9793-C2193ECBD5E9}"
EndProject
Project("{9A19103F-16F7-4668-BE54-9A1E7A4F7556}") = "Repositories", "Repositories\Repositories.csproj", "{44729ABD-20D5-4380-B5D5-856DC1BA41A7}"
EndProject
Project("{9A19103F-16F7-4668-BE54-9A1E7A4F7556}") = "Migration", "Migration\Migration.csproj", "{4A00C0A2-0A8A-431B-B862-E683DC70A56A}"
EndProject
Project("{9A19103F-16F7-4668-BE54-9A1E7A4F7556}") = "ViewModels", "ViewModels\ViewModels.csproj", "{2427F115-4A97-4828-803E-240CB3687638}"
EndProject
Global
	GlobalSection(SolutionConfigurationPlatforms) = preSolution
		Debug|Any CPU = Debug|Any CPU
		Release|Any CPU = Release|Any CPU
	EndGlobalSection
	GlobalSection(ProjectConfigurationPlatforms) = postSolution
		{5913C6BC-59E1-4F7A-8E90-5E77BA3C6A55}.Debug|Any CPU.ActiveCfg = Debug|Any CPU
		{5913C6BC-59E1-4F7A-8E90-5E77BA3C6A55}.Debug|Any CPU.Build.0 = Debug|Any CPU
		{5913C6BC-59E1-4F7A-8E90-5E77BA3C6A55}.Release|Any CPU.ActiveCfg = Release|Any CPU
		{5913C6BC-59E1-4F7A-8E90-5E77BA3C6A55}.Release|Any CPU.Build.0 = Release|Any CPU
		{7043885A-32BD-481C-9793-C2193ECBD5E9}.Debug|Any CPU.ActiveCfg = Debug|Any CPU
		{7043885A-32BD-481C-9793-C2193ECBD5E9}.Debug|Any CPU.Build.0 = Debug|Any CPU
		{7043885A-32BD-481C-9793-C2193ECBD5E9}.Release|Any CPU.ActiveCfg = Release|Any CPU
		{7043885A-32BD-481C-9793-C2193ECBD5E9}.Release|Any CPU.Build.0 = Release|Any CPU
		{44729ABD-20D5-4380-B5D5-856DC1BA41A7}.Debug|Any CPU.ActiveCfg = Debug|Any CPU
		{44729ABD-20D5-4380-B5D5-856DC1BA41A7}.Debug|Any CPU.Build.0 = Debug|Any CPU
		{44729ABD-20D5-4380-B5D5-856DC1BA41A7}.Release|Any CPU.ActiveCfg = Release|Any CPU
		{44729ABD-20D5-4380-B5D5-856DC1BA41A7}.Release|Any CPU.Build.0 = Release|Any CPU
		{4A00C0A2-0A8A-431B-B862-E683DC70A56A}.Debug|Any CPU.ActiveCfg = Debug|Any CPU
		{4A00C0A2-0A8A-431B-B862-E683DC70A56A}.Debug|Any CPU.Build.0 = Debug|Any CPU
		{4A00C0A2-0A8A-431B-B862-E683DC70A56A}.Release|Any CPU.ActiveCfg = Release|Any CPU
		{4A00C0A2-0A8A-431B-B862-E683DC70A56A}.Release|Any CPU.Build.0 = Release|Any CPU
		{2427F115-4A97-4828-803E-240CB3687638}.Debug|Any CPU.ActiveCfg = Debug|Any CPU
		{2427F115-4A97-4828-803E-240CB3687638}.Debug|Any CPU.Build.0 = Debug|Any CPU
		{2427F115-4A97-4828-803E-240CB3687638}.Release|Any CPU.ActiveCfg = Release|Any CPU
		{2427F115-4A97-4828-803E-240CB3687638}.Release|Any CPU.Build.0 = Release|Any CPU
	EndGlobalSection
	GlobalSection(SolutionProperties) = preSolution
		HideSolutionNode = FALSE
	EndGlobalSection
	GlobalSection(ExtensibilityGlobals) = postSolution
		SolutionGuid = {88CD28E8-B155-43C2-B1C9-AF41081E1066}
	EndGlobalSection
EndGlobal
